
Microsoft Visual Studio Solution File, Format Version 12.00
# Visual Studio 15
VisualStudioVersion = 15.0.27130.2036
MinimumVisualStudioVersion = 10.0.40219.1
Project("{FAE04EC0-301F-11D3-BF4B-00C04F79EFBC}") = "ProjetoMVC1", "ProjetoMVC1\ProjetoMVC1.csproj", "{D395790F-9688-4037-A9F0-EFD95EC91F65}"
EndProject
Global
	GlobalSection(SolutionConfigurationPlatforms) = preSolution
		Debug|Any CPU = Debug|Any CPU
		Release|Any CPU = Release|Any CPU
	EndGlobalSection
	GlobalSection(ProjectConfigurationPlatforms) = postSolution
		{D395790F-9688-4037-A9F0-EFD95EC91F65}.Debug|Any CPU.ActiveCfg = Debug|Any CPU
		{D395790F-9688-4037-A9F0-EFD95EC91F65}.Debug|Any CPU.Build.0 = Debug|Any CPU
		{D395790F-9688-4037-A9F0-EFD95EC91F65}.Release|Any CPU.ActiveCfg = Release|Any CPU
		{D395790F-9688-4037-A9F0-EFD95EC91F65}.Release|Any CPU.Build.0 = Release|Any CPU
	EndGlobalSection
	GlobalSection(SolutionProperties) = preSolution
		HideSolutionNode = FALSE
	EndGlobalSection
	GlobalSection(ExtensibilityGlobals) = postSolution
		SolutionGuid = {BB0C923F-A518-45A2-934E-A0D3C5419D3A}
	EndGlobalSection
EndGlobal
